
Microsoft Visual Studio Solution File, Format Version 12.00
# Visual Studio Version 16
VisualStudioVersion = 16.0.29709.97
MinimumVisualStudioVersion = 10.0.40219.1
Project("{FAE04EC0-301F-11D3-BF4B-00C04F79EFBC}") = "MyTestRunner", "MyTestRunner\MyTestRunner.csproj", "{11600144-D2A1-45F5-99E0-DBE5FACFAFD8}"
EndProject
Project("{FAE04EC0-301F-11D3-BF4B-00C04F79EFBC}") = "MyTestRunner.Framework", "MyTestRunner.Framework\MyTestRunner.Framework.csproj", "{71B098AE-A1D2-4EE1-82C9-F2D6C5E7649B}"
EndProject
Project("{FAE04EC0-301F-11D3-BF4B-00C04F79EFBC}") = "MyTestRunner.Tests", "MyTestRunner.Tests\MyTestRunner.Tests.csproj", "{5CA40E23-BD3D-4BB5-8F37-E13F0D8CD1CD}"
EndProject
Global
	GlobalSection(SolutionConfigurationPlatforms) = preSolution
		Debug|Any CPU = Debug|Any CPU
		Release|Any CPU = Release|Any CPU
	EndGlobalSection
	GlobalSection(ProjectConfigurationPlatforms) = postSolution
		{11600144-D2A1-45F5-99E0-DBE5FACFAFD8}.Debug|Any CPU.ActiveCfg = Debug|Any CPU
		{11600144-D2A1-45F5-99E0-DBE5FACFAFD8}.Debug|Any CPU.Build.0 = Debug|Any CPU
		{11600144-D2A1-45F5-99E0-DBE5FACFAFD8}.Release|Any CPU.ActiveCfg = Release|Any CPU
		{11600144-D2A1-45F5-99E0-DBE5FACFAFD8}.Release|Any CPU.Build.0 = Release|Any CPU
		{71B098AE-A1D2-4EE1-82C9-F2D6C5E7649B}.Debug|Any CPU.ActiveCfg = Debug|Any CPU
		{71B098AE-A1D2-4EE1-82C9-F2D6C5E7649B}.Debug|Any CPU.Build.0 = Debug|Any CPU
		{71B098AE-A1D2-4EE1-82C9-F2D6C5E7649B}.Release|Any CPU.ActiveCfg = Release|Any CPU
		{71B098AE-A1D2-4EE1-82C9-F2D6C5E7649B}.Release|Any CPU.Build.0 = Release|Any CPU
		{5CA40E23-BD3D-4BB5-8F37-E13F0D8CD1CD}.Debug|Any CPU.ActiveCfg = Debug|Any CPU
		{5CA40E23-BD3D-4BB5-8F37-E13F0D8CD1CD}.Debug|Any CPU.Build.0 = Debug|Any CPU
		{5CA40E23-BD3D-4BB5-8F37-E13F0D8CD1CD}.Release|Any CPU.ActiveCfg = Release|Any CPU
		{5CA40E23-BD3D-4BB5-8F37-E13F0D8CD1CD}.Release|Any CPU.Build.0 = Release|Any CPU
	EndGlobalSection
	GlobalSection(SolutionProperties) = preSolution
		HideSolutionNode = FALSE
	EndGlobalSection
	GlobalSection(ExtensibilityGlobals) = postSolution
		SolutionGuid = {FBCED3A4-DE17-4A86-86B0-67FE7DA2F396}
	EndGlobalSection
EndGlobal
