
Microsoft Visual Studio Solution File, Format Version 12.00
# Visual Studio Version 16
VisualStudioVersion = 16.0.29709.97
MinimumVisualStudioVersion = 10.0.40219.1
Project("{2150E333-8FDC-42A3-9474-1A3956D46DE8}") = "1. REST", "1. REST", "{E15A819A-A331-4860-9CFC-87ADABF0B4CF}"
EndProject
Project("{9A19103F-16F7-4668-BE54-9A1E7A4F7556}") = "RESTServer", "REST\RestServer\RESTServer.csproj", "{1EDB0D7E-DC93-4B53-9904-90BA17462530}"
EndProject
Project("{9A19103F-16F7-4668-BE54-9A1E7A4F7556}") = "RESTClient", "REST\RESTClient\RESTClient.csproj", "{B51A623B-C36F-4A83-888C-D208C982C369}"
EndProject
Project("{9A19103F-16F7-4668-BE54-9A1E7A4F7556}") = "RESTCommon", "REST\RESTCommon\RESTCommon.csproj", "{19845C46-7427-40EB-B117-514823C75015}"
EndProject
Project("{2150E333-8FDC-42A3-9474-1A3956D46DE8}") = "2. Refit", "2. Refit", "{6E58A603-D79E-44A6-A5A8-0F4437BDA52E}"
EndProject
Project("{9A19103F-16F7-4668-BE54-9A1E7A4F7556}") = "RefitServer", "Refit\RefitServer\RefitServer.csproj", "{3293186C-86DC-43C9-8673-A4EDD4370D1B}"
EndProject
Project("{9A19103F-16F7-4668-BE54-9A1E7A4F7556}") = "RefitClient", "Refit\RefitClient\RefitClient.csproj", "{7AF244BB-A554-429A-A219-B1B6CCB3D163}"
EndProject
Project("{9A19103F-16F7-4668-BE54-9A1E7A4F7556}") = "RefitCommon", "Refit\RefitCommon\RefitCommon.csproj", "{17855687-4132-40D9-AC59-0EC4102D6495}"
EndProject
Project("{2150E333-8FDC-42A3-9474-1A3956D46DE8}") = "3. gRPC", "3. gRPC", "{5D8153AC-DA0B-4053-89E2-2ADF33A5F21B}"
EndProject
Project("{9A19103F-16F7-4668-BE54-9A1E7A4F7556}") = "gRPCServer", "gRPC\gRPCServer\gRPCServer.csproj", "{3AAC8FBD-D98E-4C1B-A059-C2D157C21565}"
EndProject
Project("{9A19103F-16F7-4668-BE54-9A1E7A4F7556}") = "gRPCClient", "gRPC\gRPCClient\gRPCClient.csproj", "{47033D88-8DDA-494D-B7EB-5D2E2F6D2B3E}"
EndProject
Project("{2150E333-8FDC-42A3-9474-1A3956D46DE8}") = "4. SignalR", "4. SignalR", "{521C4CCF-8499-4BAD-BBB7-7D29CD7408AB}"
EndProject
Project("{2150E333-8FDC-42A3-9474-1A3956D46DE8}") = "5. MessageBroker", "5. MessageBroker", "{A4DA195E-45DD-4089-80C9-C53F17CE9A02}"
EndProject
Project("{9A19103F-16F7-4668-BE54-9A1E7A4F7556}") = "SignalRServer", "SignalR\SignalRServer\SignalRServer.csproj", "{C43CE8B7-E5D6-4CCD-A733-435AAC548E4C}"
EndProject
Project("{9A19103F-16F7-4668-BE54-9A1E7A4F7556}") = "SignalRCommon", "SignalR\SignalRCommon\SignalRCommon.csproj", "{4F9D8F90-3AE2-421C-8A2B-4F60A4EA097C}"
EndProject
Project("{9A19103F-16F7-4668-BE54-9A1E7A4F7556}") = "SignalRClient", "SignalR\SignalRClient\SignalRClient.csproj", "{4F3A339C-1197-4E68-A999-3C810F7B1FC9}"
EndProject
Project("{9A19103F-16F7-4668-BE54-9A1E7A4F7556}") = "MessageBrokerCommon", "MessageBroker\MessageBrokerCommon\MessageBrokerCommon.csproj", "{C362BE80-038D-453F-8869-6186CCED77C8}"
EndProject
Project("{9A19103F-16F7-4668-BE54-9A1E7A4F7556}") = "MessageBrokerProducer", "MessageBroker\MessageBrokerProducer\MessageBrokerProducer.csproj", "{E12EA072-F681-4D41-B73F-561841D99839}"
EndProject
Project("{FAE04EC0-301F-11D3-BF4B-00C04F79EFBC}") = "MessageBrokerConsumer", "MessageBroker\MessageBrokerConsumer\MessageBrokerConsumer.csproj", "{4A975A19-14AF-495A-921F-913048781051}"
EndProject
Global
	GlobalSection(SolutionConfigurationPlatforms) = preSolution
		Debug|Any CPU = Debug|Any CPU
		Release|Any CPU = Release|Any CPU
	EndGlobalSection
	GlobalSection(ProjectConfigurationPlatforms) = postSolution
		{1EDB0D7E-DC93-4B53-9904-90BA17462530}.Debug|Any CPU.ActiveCfg = Debug|Any CPU
		{1EDB0D7E-DC93-4B53-9904-90BA17462530}.Debug|Any CPU.Build.0 = Debug|Any CPU
		{1EDB0D7E-DC93-4B53-9904-90BA17462530}.Release|Any CPU.ActiveCfg = Release|Any CPU
		{1EDB0D7E-DC93-4B53-9904-90BA17462530}.Release|Any CPU.Build.0 = Release|Any CPU
		{B51A623B-C36F-4A83-888C-D208C982C369}.Debug|Any CPU.ActiveCfg = Debug|Any CPU
		{B51A623B-C36F-4A83-888C-D208C982C369}.Debug|Any CPU.Build.0 = Debug|Any CPU
		{B51A623B-C36F-4A83-888C-D208C982C369}.Release|Any CPU.ActiveCfg = Release|Any CPU
		{B51A623B-C36F-4A83-888C-D208C982C369}.Release|Any CPU.Build.0 = Release|Any CPU
		{19845C46-7427-40EB-B117-514823C75015}.Debug|Any CPU.ActiveCfg = Debug|Any CPU
		{19845C46-7427-40EB-B117-514823C75015}.Debug|Any CPU.Build.0 = Debug|Any CPU
		{19845C46-7427-40EB-B117-514823C75015}.Release|Any CPU.ActiveCfg = Release|Any CPU
		{19845C46-7427-40EB-B117-514823C75015}.Release|Any CPU.Build.0 = Release|Any CPU
		{3293186C-86DC-43C9-8673-A4EDD4370D1B}.Debug|Any CPU.ActiveCfg = Debug|Any CPU
		{3293186C-86DC-43C9-8673-A4EDD4370D1B}.Debug|Any CPU.Build.0 = Debug|Any CPU
		{3293186C-86DC-43C9-8673-A4EDD4370D1B}.Release|Any CPU.ActiveCfg = Release|Any CPU
		{3293186C-86DC-43C9-8673-A4EDD4370D1B}.Release|Any CPU.Build.0 = Release|Any CPU
		{7AF244BB-A554-429A-A219-B1B6CCB3D163}.Debug|Any CPU.ActiveCfg = Debug|Any CPU
		{7AF244BB-A554-429A-A219-B1B6CCB3D163}.Debug|Any CPU.Build.0 = Debug|Any CPU
		{7AF244BB-A554-429A-A219-B1B6CCB3D163}.Release|Any CPU.ActiveCfg = Release|Any CPU
		{7AF244BB-A554-429A-A219-B1B6CCB3D163}.Release|Any CPU.Build.0 = Release|Any CPU
		{17855687-4132-40D9-AC59-0EC4102D6495}.Debug|Any CPU.ActiveCfg = Debug|Any CPU
		{17855687-4132-40D9-AC59-0EC4102D6495}.Debug|Any CPU.Build.0 = Debug|Any CPU
		{17855687-4132-40D9-AC59-0EC4102D6495}.Release|Any CPU.ActiveCfg = Release|Any CPU
		{17855687-4132-40D9-AC59-0EC4102D6495}.Release|Any CPU.Build.0 = Release|Any CPU
		{3AAC8FBD-D98E-4C1B-A059-C2D157C21565}.Debug|Any CPU.ActiveCfg = Debug|Any CPU
		{3AAC8FBD-D98E-4C1B-A059-C2D157C21565}.Debug|Any CPU.Build.0 = Debug|Any CPU
		{3AAC8FBD-D98E-4C1B-A059-C2D157C21565}.Release|Any CPU.ActiveCfg = Release|Any CPU
		{3AAC8FBD-D98E-4C1B-A059-C2D157C21565}.Release|Any CPU.Build.0 = Release|Any CPU
		{47033D88-8DDA-494D-B7EB-5D2E2F6D2B3E}.Debug|Any CPU.ActiveCfg = Debug|Any CPU
		{47033D88-8DDA-494D-B7EB-5D2E2F6D2B3E}.Debug|Any CPU.Build.0 = Debug|Any CPU
		{47033D88-8DDA-494D-B7EB-5D2E2F6D2B3E}.Release|Any CPU.ActiveCfg = Release|Any CPU
		{47033D88-8DDA-494D-B7EB-5D2E2F6D2B3E}.Release|Any CPU.Build.0 = Release|Any CPU
		{C43CE8B7-E5D6-4CCD-A733-435AAC548E4C}.Debug|Any CPU.ActiveCfg = Debug|Any CPU
		{C43CE8B7-E5D6-4CCD-A733-435AAC548E4C}.Debug|Any CPU.Build.0 = Debug|Any CPU
		{C43CE8B7-E5D6-4CCD-A733-435AAC548E4C}.Release|Any CPU.ActiveCfg = Release|Any CPU
		{C43CE8B7-E5D6-4CCD-A733-435AAC548E4C}.Release|Any CPU.Build.0 = Release|Any CPU
		{4F9D8F90-3AE2-421C-8A2B-4F60A4EA097C}.Debug|Any CPU.ActiveCfg = Debug|Any CPU
		{4F9D8F90-3AE2-421C-8A2B-4F60A4EA097C}.Debug|Any CPU.Build.0 = Debug|Any CPU
		{4F9D8F90-3AE2-421C-8A2B-4F60A4EA097C}.Release|Any CPU.ActiveCfg = Release|Any CPU
		{4F9D8F90-3AE2-421C-8A2B-4F60A4EA097C}.Release|Any CPU.Build.0 = Release|Any CPU
		{4F3A339C-1197-4E68-A999-3C810F7B1FC9}.Debug|Any CPU.ActiveCfg = Debug|Any CPU
		{4F3A339C-1197-4E68-A999-3C810F7B1FC9}.Debug|Any CPU.Build.0 = Debug|Any CPU
		{4F3A339C-1197-4E68-A999-3C810F7B1FC9}.Release|Any CPU.ActiveCfg = Release|Any CPU
		{4F3A339C-1197-4E68-A999-3C810F7B1FC9}.Release|Any CPU.Build.0 = Release|Any CPU
		{C362BE80-038D-453F-8869-6186CCED77C8}.Debug|Any CPU.ActiveCfg = Debug|Any CPU
		{C362BE80-038D-453F-8869-6186CCED77C8}.Debug|Any CPU.Build.0 = Debug|Any CPU
		{C362BE80-038D-453F-8869-6186CCED77C8}.Release|Any CPU.ActiveCfg = Release|Any CPU
		{C362BE80-038D-453F-8869-6186CCED77C8}.Release|Any CPU.Build.0 = Release|Any CPU
		{E12EA072-F681-4D41-B73F-561841D99839}.Debug|Any CPU.ActiveCfg = Debug|Any CPU
		{E12EA072-F681-4D41-B73F-561841D99839}.Debug|Any CPU.Build.0 = Debug|Any CPU
		{E12EA072-F681-4D41-B73F-561841D99839}.Release|Any CPU.ActiveCfg = Release|Any CPU
		{E12EA072-F681-4D41-B73F-561841D99839}.Release|Any CPU.Build.0 = Release|Any CPU
		{4A975A19-14AF-495A-921F-913048781051}.Debug|Any CPU.ActiveCfg = Debug|Any CPU
		{4A975A19-14AF-495A-921F-913048781051}.Debug|Any CPU.Build.0 = Debug|Any CPU
		{4A975A19-14AF-495A-921F-913048781051}.Release|Any CPU.ActiveCfg = Release|Any CPU
		{4A975A19-14AF-495A-921F-913048781051}.Release|Any CPU.Build.0 = Release|Any CPU
	EndGlobalSection
	GlobalSection(SolutionProperties) = preSolution
		HideSolutionNode = FALSE
	EndGlobalSection
	GlobalSection(NestedProjects) = preSolution
		{1EDB0D7E-DC93-4B53-9904-90BA17462530} = {E15A819A-A331-4860-9CFC-87ADABF0B4CF}
		{B51A623B-C36F-4A83-888C-D208C982C369} = {E15A819A-A331-4860-9CFC-87ADABF0B4CF}
		{19845C46-7427-40EB-B117-514823C75015} = {E15A819A-A331-4860-9CFC-87ADABF0B4CF}
		{3293186C-86DC-43C9-8673-A4EDD4370D1B} = {6E58A603-D79E-44A6-A5A8-0F4437BDA52E}
		{7AF244BB-A554-429A-A219-B1B6CCB3D163} = {6E58A603-D79E-44A6-A5A8-0F4437BDA52E}
		{17855687-4132-40D9-AC59-0EC4102D6495} = {6E58A603-D79E-44A6-A5A8-0F4437BDA52E}
		{3AAC8FBD-D98E-4C1B-A059-C2D157C21565} = {5D8153AC-DA0B-4053-89E2-2ADF33A5F21B}
		{47033D88-8DDA-494D-B7EB-5D2E2F6D2B3E} = {5D8153AC-DA0B-4053-89E2-2ADF33A5F21B}
		{C43CE8B7-E5D6-4CCD-A733-435AAC548E4C} = {521C4CCF-8499-4BAD-BBB7-7D29CD7408AB}
		{4F9D8F90-3AE2-421C-8A2B-4F60A4EA097C} = {521C4CCF-8499-4BAD-BBB7-7D29CD7408AB}
		{4F3A339C-1197-4E68-A999-3C810F7B1FC9} = {521C4CCF-8499-4BAD-BBB7-7D29CD7408AB}
		{C362BE80-038D-453F-8869-6186CCED77C8} = {A4DA195E-45DD-4089-80C9-C53F17CE9A02}
		{E12EA072-F681-4D41-B73F-561841D99839} = {A4DA195E-45DD-4089-80C9-C53F17CE9A02}
		{4A975A19-14AF-495A-921F-913048781051} = {A4DA195E-45DD-4089-80C9-C53F17CE9A02}
	EndGlobalSection
	GlobalSection(ExtensibilityGlobals) = postSolution
		SolutionGuid = {D6A7DDF5-F53B-4F4A-A5FE-190F44DCCC47}
	EndGlobalSection
EndGlobal
