
Microsoft Visual Studio Solution File, Format Version 12.00
# Visual Studio Version 16
VisualStudioVersion = 16.0.29709.97
MinimumVisualStudioVersion = 10.0.40219.1
Project("{9A19103F-16F7-4668-BE54-9A1E7A4F7556}") = "Blog.Data", "Blog.Data\Blog.Data.csproj", "{15EEB984-10DC-47D7-8818-1BF2B6E5EC7F}"
EndProject
Project("{9A19103F-16F7-4668-BE54-9A1E7A4F7556}") = "Blog.Services", "Blog.Services\Blog.Services.csproj", "{7392C6B5-C560-40CF-B426-0B818C6C816C}"
EndProject
Project("{9A19103F-16F7-4668-BE54-9A1E7A4F7556}") = "Blog.Controllers", "Blog.Controllers\Blog.Controllers.csproj", "{374FC27A-9329-4A4E-B400-3C231EBF2A96}"
EndProject
Project("{9A19103F-16F7-4668-BE54-9A1E7A4F7556}") = "Blog.Web", "Blog.Web\Blog.Web.csproj", "{6E0946D0-5CBF-49F6-B141-439DAEF2BAAD}"
EndProject
Project("{FAE04EC0-301F-11D3-BF4B-00C04F79EFBC}") = "Blog.Test", "Blog.Test\Blog.Test.csproj", "{6E8635A8-79A4-4A34-9351-540F30DA4101}"
EndProject
Global
	GlobalSection(SolutionConfigurationPlatforms) = preSolution
		Debug|Any CPU = Debug|Any CPU
		Release|Any CPU = Release|Any CPU
	EndGlobalSection
	GlobalSection(ProjectConfigurationPlatforms) = postSolution
		{15EEB984-10DC-47D7-8818-1BF2B6E5EC7F}.Debug|Any CPU.ActiveCfg = Debug|Any CPU
		{15EEB984-10DC-47D7-8818-1BF2B6E5EC7F}.Debug|Any CPU.Build.0 = Debug|Any CPU
		{15EEB984-10DC-47D7-8818-1BF2B6E5EC7F}.Release|Any CPU.ActiveCfg = Release|Any CPU
		{15EEB984-10DC-47D7-8818-1BF2B6E5EC7F}.Release|Any CPU.Build.0 = Release|Any CPU
		{7392C6B5-C560-40CF-B426-0B818C6C816C}.Debug|Any CPU.ActiveCfg = Debug|Any CPU
		{7392C6B5-C560-40CF-B426-0B818C6C816C}.Debug|Any CPU.Build.0 = Debug|Any CPU
		{7392C6B5-C560-40CF-B426-0B818C6C816C}.Release|Any CPU.ActiveCfg = Release|Any CPU
		{7392C6B5-C560-40CF-B426-0B818C6C816C}.Release|Any CPU.Build.0 = Release|Any CPU
		{374FC27A-9329-4A4E-B400-3C231EBF2A96}.Debug|Any CPU.ActiveCfg = Debug|Any CPU
		{374FC27A-9329-4A4E-B400-3C231EBF2A96}.Debug|Any CPU.Build.0 = Debug|Any CPU
		{374FC27A-9329-4A4E-B400-3C231EBF2A96}.Release|Any CPU.ActiveCfg = Release|Any CPU
		{374FC27A-9329-4A4E-B400-3C231EBF2A96}.Release|Any CPU.Build.0 = Release|Any CPU
		{6E0946D0-5CBF-49F6-B141-439DAEF2BAAD}.Debug|Any CPU.ActiveCfg = Debug|Any CPU
		{6E0946D0-5CBF-49F6-B141-439DAEF2BAAD}.Debug|Any CPU.Build.0 = Debug|Any CPU
		{6E0946D0-5CBF-49F6-B141-439DAEF2BAAD}.Release|Any CPU.ActiveCfg = Release|Any CPU
		{6E0946D0-5CBF-49F6-B141-439DAEF2BAAD}.Release|Any CPU.Build.0 = Release|Any CPU
		{6E8635A8-79A4-4A34-9351-540F30DA4101}.Debug|Any CPU.ActiveCfg = Debug|Any CPU
		{6E8635A8-79A4-4A34-9351-540F30DA4101}.Debug|Any CPU.Build.0 = Debug|Any CPU
		{6E8635A8-79A4-4A34-9351-540F30DA4101}.Release|Any CPU.ActiveCfg = Release|Any CPU
		{6E8635A8-79A4-4A34-9351-540F30DA4101}.Release|Any CPU.Build.0 = Release|Any CPU
	EndGlobalSection
	GlobalSection(SolutionProperties) = preSolution
		HideSolutionNode = FALSE
	EndGlobalSection
	GlobalSection(ExtensibilityGlobals) = postSolution
		SolutionGuid = {0A717B01-ABB6-46DF-85D3-BB465950BCEB}
	EndGlobalSection
EndGlobal
